// !$*UTF8*$!
{
	archiveVersion = 1;
	classes = {
	};
	objectVersion = 51;
	objects = {

/* Begin PBXBuildFile section */
		57B57374AC453EBEF6C15C65 /* Pods_parstagram_parstagramUITests.framework in Frameworks */ = {isa = PBXBuildFile; fileRef = F0A769467BEFE1E4EBD96237 /* Pods_parstagram_parstagramUITests.framework */; };
		8C06549A25D2082F0097C789 /* LoginViewController.swift in Sources */ = {isa = PBXBuildFile; fileRef = 8C06549925D2082F0097C789 /* LoginViewController.swift */; };
		8C06549F25D2083C0097C789 /* FeedViewController.swift in Sources */ = {isa = PBXBuildFile; fileRef = 8C06549E25D2083C0097C789 /* FeedViewController.swift */; };
		8C0654A725D20EE30097C789 /* CameraViewController.swift in Sources */ = {isa = PBXBuildFile; fileRef = 8C0654A625D20EE30097C789 /* CameraViewController.swift */; };
		8C441EDA25D21E0B00F8D846 /* PostCell.swift in Sources */ = {isa = PBXBuildFile; fileRef = 8C441ED925D21E0B00F8D846 /* PostCell.swift */; };
		8C83E8DB25DC95BE009836B6 /* CommentCell.swift in Sources */ = {isa = PBXBuildFile; fileRef = 8C83E8DA25DC95BE009836B6 /* CommentCell.swift */; };
		8CD3AD0B25D2031500FA6664 /* AppDelegate.swift in Sources */ = {isa = PBXBuildFile; fileRef = 8CD3AD0A25D2031500FA6664 /* AppDelegate.swift */; };
		8CD3AD0D25D2031500FA6664 /* SceneDelegate.swift in Sources */ = {isa = PBXBuildFile; fileRef = 8CD3AD0C25D2031500FA6664 /* SceneDelegate.swift */; };
		8CD3AD1225D2031500FA6664 /* Main.storyboard in Resources */ = {isa = PBXBuildFile; fileRef = 8CD3AD1025D2031500FA6664 /* Main.storyboard */; };
		8CD3AD1425D2031700FA6664 /* Assets.xcassets in Resources */ = {isa = PBXBuildFile; fileRef = 8CD3AD1325D2031700FA6664 /* Assets.xcassets */; };
		8CD3AD1725D2031700FA6664 /* LaunchScreen.storyboard in Resources */ = {isa = PBXBuildFile; fileRef = 8CD3AD1525D2031700FA6664 /* LaunchScreen.storyboard */; };
		8CD3AD2225D2031700FA6664 /* parstagramTests.swift in Sources */ = {isa = PBXBuildFile; fileRef = 8CD3AD2125D2031700FA6664 /* parstagramTests.swift */; };
		8CD3AD2D25D2031700FA6664 /* parstagramUITests.swift in Sources */ = {isa = PBXBuildFile; fileRef = 8CD3AD2C25D2031700FA6664 /* parstagramUITests.swift */; };
		ACE64AC1C260A160754A9742 /* Pods_parstagramTests.framework in Frameworks */ = {isa = PBXBuildFile; fileRef = DAB6A75103099DD80B4629D1 /* Pods_parstagramTests.framework */; };
		B7FDDC3A2CCCAA35CEED7059 /* Pods_parstagram.framework in Frameworks */ = {isa = PBXBuildFile; fileRef = 743B995EC9218B2B7F995348 /* Pods_parstagram.framework */; };
/* End PBXBuildFile section */

/* Begin PBXContainerItemProxy section */
		8CD3AD1E25D2031700FA6664 /* PBXContainerItemProxy */ = {
			isa = PBXContainerItemProxy;
			containerPortal = 8CD3ACFF25D2031500FA6664 /* Project object */;
			proxyType = 1;
			remoteGlobalIDString = 8CD3AD0625D2031500FA6664;
			remoteInfo = parstagram;
		};
		8CD3AD2925D2031700FA6664 /* PBXContainerItemProxy */ = {
			isa = PBXContainerItemProxy;
			containerPortal = 8CD3ACFF25D2031500FA6664 /* Project object */;
			proxyType = 1;
			remoteGlobalIDString = 8CD3AD0625D2031500FA6664;
			remoteInfo = parstagram;
		};
/* End PBXContainerItemProxy section */

/* Begin PBXFileReference section */
		14B35B273F1D8D8F6BF6F574 /* Pods-parstagramTests.debug.xcconfig */ = {isa = PBXFileReference; includeInIndex = 1; lastKnownFileType = text.xcconfig; name = "Pods-parstagramTests.debug.xcconfig"; path = "Target Support Files/Pods-parstagramTests/Pods-parstagramTests.debug.xcconfig"; sourceTree = "<group>"; };
		1EFD2212604C14CB95B06FDA /* Pods-parstagram-parstagramUITests.debug.xcconfig */ = {isa = PBXFileReference; includeInIndex = 1; lastKnownFileType = text.xcconfig; name = "Pods-parstagram-parstagramUITests.debug.xcconfig"; path = "Target Support Files/Pods-parstagram-parstagramUITests/Pods-parstagram-parstagramUITests.debug.xcconfig"; sourceTree = "<group>"; };
		743B995EC9218B2B7F995348 /* Pods_parstagram.framework */ = {isa = PBXFileReference; explicitFileType = wrapper.framework; includeInIndex = 0; path = Pods_parstagram.framework; sourceTree = BUILT_PRODUCTS_DIR; };
		8C06549925D2082F0097C789 /* LoginViewController.swift */ = {isa = PBXFileReference; lastKnownFileType = sourcecode.swift; path = LoginViewController.swift; sourceTree = "<group>"; };
		8C06549E25D2083C0097C789 /* FeedViewController.swift */ = {isa = PBXFileReference; lastKnownFileType = sourcecode.swift; path = FeedViewController.swift; sourceTree = "<group>"; };
		8C0654A625D20EE30097C789 /* CameraViewController.swift */ = {isa = PBXFileReference; lastKnownFileType = sourcecode.swift; path = CameraViewController.swift; sourceTree = "<group>"; };
		8C441ED925D21E0B00F8D846 /* PostCell.swift */ = {isa = PBXFileReference; lastKnownFileType = sourcecode.swift; path = PostCell.swift; sourceTree = "<group>"; };
		8C83E8DA25DC95BE009836B6 /* CommentCell.swift */ = {isa = PBXFileReference; lastKnownFileType = sourcecode.swift; path = CommentCell.swift; sourceTree = "<group>"; };
		8CD3AD0725D2031500FA6664 /* parstagram.app */ = {isa = PBXFileReference; explicitFileType = wrapper.application; includeInIndex = 0; path = parstagram.app; sourceTree = BUILT_PRODUCTS_DIR; };
		8CD3AD0A25D2031500FA6664 /* AppDelegate.swift */ = {isa = PBXFileReference; lastKnownFileType = sourcecode.swift; path = AppDelegate.swift; sourceTree = "<group>"; };
		8CD3AD0C25D2031500FA6664 /* SceneDelegate.swift */ = {isa = PBXFileReference; lastKnownFileType = sourcecode.swift; path = SceneDelegate.swift; sourceTree = "<group>"; };
		8CD3AD1125D2031500FA6664 /* Base */ = {isa = PBXFileReference; lastKnownFileType = file.storyboard; name = Base; path = Base.lproj/Main.storyboard; sourceTree = "<group>"; };
		8CD3AD1325D2031700FA6664 /* Assets.xcassets */ = {isa = PBXFileReference; lastKnownFileType = folder.assetcatalog; path = Assets.xcassets; sourceTree = "<group>"; };
		8CD3AD1625D2031700FA6664 /* Base */ = {isa = PBXFileReference; lastKnownFileType = file.storyboard; name = Base; path = Base.lproj/LaunchScreen.storyboard; sourceTree = "<group>"; };
		8CD3AD1825D2031700FA6664 /* Info.plist */ = {isa = PBXFileReference; lastKnownFileType = text.plist.xml; path = Info.plist; sourceTree = "<group>"; };
		8CD3AD1D25D2031700FA6664 /* parstagramTests.xctest */ = {isa = PBXFileReference; explicitFileType = wrapper.cfbundle; includeInIndex = 0; path = parstagramTests.xctest; sourceTree = BUILT_PRODUCTS_DIR; };
		8CD3AD2125D2031700FA6664 /* parstagramTests.swift */ = {isa = PBXFileReference; lastKnownFileType = sourcecode.swift; path = parstagramTests.swift; sourceTree = "<group>"; };
		8CD3AD2325D2031700FA6664 /* Info.plist */ = {isa = PBXFileReference; lastKnownFileType = text.plist.xml; path = Info.plist; sourceTree = "<group>"; };
		8CD3AD2825D2031700FA6664 /* parstagramUITests.xctest */ = {isa = PBXFileReference; explicitFileType = wrapper.cfbundle; includeInIndex = 0; path = parstagramUITests.xctest; sourceTree = BUILT_PRODUCTS_DIR; };
		8CD3AD2C25D2031700FA6664 /* parstagramUITests.swift */ = {isa = PBXFileReference; lastKnownFileType = sourcecode.swift; path = parstagramUITests.swift; sourceTree = "<group>"; };
		8CD3AD2E25D2031700FA6664 /* Info.plist */ = {isa = PBXFileReference; lastKnownFileType = text.plist.xml; path = Info.plist; sourceTree = "<group>"; };
		9F5B9D815E4CBD2583D40899 /* Pods-parstagramTests.release.xcconfig */ = {isa = PBXFileReference; includeInIndex = 1; lastKnownFileType = text.xcconfig; name = "Pods-parstagramTests.release.xcconfig"; path = "Target Support Files/Pods-parstagramTests/Pods-parstagramTests.release.xcconfig"; sourceTree = "<group>"; };
		C32E250591E3CF7E0CD7F5C8 /* Pods-parstagram.debug.xcconfig */ = {isa = PBXFileReference; includeInIndex = 1; lastKnownFileType = text.xcconfig; name = "Pods-parstagram.debug.xcconfig"; path = "Target Support Files/Pods-parstagram/Pods-parstagram.debug.xcconfig"; sourceTree = "<group>"; };
		DAB6A75103099DD80B4629D1 /* Pods_parstagramTests.framework */ = {isa = PBXFileReference; explicitFileType = wrapper.framework; includeInIndex = 0; path = Pods_parstagramTests.framework; sourceTree = BUILT_PRODUCTS_DIR; };
		DAE840AEB72CAF053F44909E /* Pods-parstagram-parstagramUITests.release.xcconfig */ = {isa = PBXFileReference; includeInIndex = 1; lastKnownFileType = text.xcconfig; name = "Pods-parstagram-parstagramUITests.release.xcconfig"; path = "Target Support Files/Pods-parstagram-parstagramUITests/Pods-parstagram-parstagramUITests.release.xcconfig"; sourceTree = "<group>"; };
		F0A769467BEFE1E4EBD96237 /* Pods_parstagram_parstagramUITests.framework */ = {isa = PBXFileReference; explicitFileType = wrapper.framework; includeInIndex = 0; path = Pods_parstagram_parstagramUITests.framework; sourceTree = BUILT_PRODUCTS_DIR; };
		F8B2E8A4A67082279E1B1DE0 /* Pods-parstagram.release.xcconfig */ = {isa = PBXFileReference; includeInIndex = 1; lastKnownFileType = text.xcconfig; name = "Pods-parstagram.release.xcconfig"; path = "Target Support Files/Pods-parstagram/Pods-parstagram.release.xcconfig"; sourceTree = "<group>"; };
/* End PBXFileReference section */

/* Begin PBXFrameworksBuildPhase section */
		8CD3AD0425D2031500FA6664 /* Frameworks */ = {
			isa = PBXFrameworksBuildPhase;
			buildActionMask = 2147483647;
			files = (
				B7FDDC3A2CCCAA35CEED7059 /* Pods_parstagram.framework in Frameworks */,
			);
			runOnlyForDeploymentPostprocessing = 0;
		};
		8CD3AD1A25D2031700FA6664 /* Frameworks */ = {
			isa = PBXFrameworksBuildPhase;
			buildActionMask = 2147483647;
			files = (
				ACE64AC1C260A160754A9742 /* Pods_parstagramTests.framework in Frameworks */,
			);
			runOnlyForDeploymentPostprocessing = 0;
		};
		8CD3AD2525D2031700FA6664 /* Frameworks */ = {
			isa = PBXFrameworksBuildPhase;
			buildActionMask = 2147483647;
			files = (
				57B57374AC453EBEF6C15C65 /* Pods_parstagram_parstagramUITests.framework in Frameworks */,
			);
			runOnlyForDeploymentPostprocessing = 0;
		};
/* End PBXFrameworksBuildPhase section */

/* Begin PBXGroup section */
		2A50522EFABB5ED6649B58B5 /* Pods */ = {
			isa = PBXGroup;
			children = (
				C32E250591E3CF7E0CD7F5C8 /* Pods-parstagram.debug.xcconfig */,
				F8B2E8A4A67082279E1B1DE0 /* Pods-parstagram.release.xcconfig */,
				1EFD2212604C14CB95B06FDA /* Pods-parstagram-parstagramUITests.debug.xcconfig */,
				DAE840AEB72CAF053F44909E /* Pods-parstagram-parstagramUITests.release.xcconfig */,
				14B35B273F1D8D8F6BF6F574 /* Pods-parstagramTests.debug.xcconfig */,
				9F5B9D815E4CBD2583D40899 /* Pods-parstagramTests.release.xcconfig */,
			);
			path = Pods;
			sourceTree = "<group>";
		};
		4A9CFE30D51C2B14E2DFB8BC /* Frameworks */ = {
			isa = PBXGroup;
			children = (
				743B995EC9218B2B7F995348 /* Pods_parstagram.framework */,
				F0A769467BEFE1E4EBD96237 /* Pods_parstagram_parstagramUITests.framework */,
				DAB6A75103099DD80B4629D1 /* Pods_parstagramTests.framework */,
			);
			name = Frameworks;
			sourceTree = "<group>";
		};
		8CD3ACFE25D2031500FA6664 = {
			isa = PBXGroup;
			children = (
				8CD3AD0925D2031500FA6664 /* parstagram */,
				8CD3AD2025D2031700FA6664 /* parstagramTests */,
				8CD3AD2B25D2031700FA6664 /* parstagramUITests */,
				8CD3AD0825D2031500FA6664 /* Products */,
				2A50522EFABB5ED6649B58B5 /* Pods */,
				4A9CFE30D51C2B14E2DFB8BC /* Frameworks */,
			);
			sourceTree = "<group>";
		};
		8CD3AD0825D2031500FA6664 /* Products */ = {
			isa = PBXGroup;
			children = (
				8CD3AD0725D2031500FA6664 /* parstagram.app */,
				8CD3AD1D25D2031700FA6664 /* parstagramTests.xctest */,
				8CD3AD2825D2031700FA6664 /* parstagramUITests.xctest */,
			);
			name = Products;
			sourceTree = "<group>";
		};
		8CD3AD0925D2031500FA6664 /* parstagram */ = {
			isa = PBXGroup;
			children = (
				8CD3AD0A25D2031500FA6664 /* AppDelegate.swift */,
				8CD3AD0C25D2031500FA6664 /* SceneDelegate.swift */,
				8CD3AD1025D2031500FA6664 /* Main.storyboard */,
				8CD3AD1325D2031700FA6664 /* Assets.xcassets */,
				8CD3AD1525D2031700FA6664 /* LaunchScreen.storyboard */,
				8CD3AD1825D2031700FA6664 /* Info.plist */,
				8C06549925D2082F0097C789 /* LoginViewController.swift */,
				8C06549E25D2083C0097C789 /* FeedViewController.swift */,
				8C0654A625D20EE30097C789 /* CameraViewController.swift */,
				8C441ED925D21E0B00F8D846 /* PostCell.swift */,
				8C83E8DA25DC95BE009836B6 /* CommentCell.swift */,
			);
			path = parstagram;
			sourceTree = "<group>";
		};
		8CD3AD2025D2031700FA6664 /* parstagramTests */ = {
			isa = PBXGroup;
			children = (
				8CD3AD2125D2031700FA6664 /* parstagramTests.swift */,
				8CD3AD2325D2031700FA6664 /* Info.plist */,
			);
			path = parstagramTests;
			sourceTree = "<group>";
		};
		8CD3AD2B25D2031700FA6664 /* parstagramUITests */ = {
			isa = PBXGroup;
			children = (
				8CD3AD2C25D2031700FA6664 /* parstagramUITests.swift */,
				8CD3AD2E25D2031700FA6664 /* Info.plist */,
			);
			path = parstagramUITests;
			sourceTree = "<group>";
		};
/* End PBXGroup section */

/* Begin PBXNativeTarget section */
		8CD3AD0625D2031500FA6664 /* parstagram */ = {
			isa = PBXNativeTarget;
			buildConfigurationList = 8CD3AD3125D2031700FA6664 /* Build configuration list for PBXNativeTarget "parstagram" */;
			buildPhases = (
				330ECA96662240D9321E6849 /* [CP] Check Pods Manifest.lock */,
				8CD3AD0325D2031500FA6664 /* Sources */,
				8CD3AD0425D2031500FA6664 /* Frameworks */,
				8CD3AD0525D2031500FA6664 /* Resources */,
				B7D3E964B2CA79C0321FC0C5 /* [CP] Embed Pods Frameworks */,
			);
			buildRules = (
			);
			dependencies = (
			);
			name = parstagram;
			productName = parstagram;
			productReference = 8CD3AD0725D2031500FA6664 /* parstagram.app */;
			productType = "com.apple.product-type.application";
		};
		8CD3AD1C25D2031700FA6664 /* parstagramTests */ = {
			isa = PBXNativeTarget;
			buildConfigurationList = 8CD3AD3425D2031700FA6664 /* Build configuration list for PBXNativeTarget "parstagramTests" */;
			buildPhases = (
				5B812400C16C629AA16BA7AD /* [CP] Check Pods Manifest.lock */,
				8CD3AD1925D2031700FA6664 /* Sources */,
				8CD3AD1A25D2031700FA6664 /* Frameworks */,
				8CD3AD1B25D2031700FA6664 /* Resources */,
			);
			buildRules = (
			);
			dependencies = (
				8CD3AD1F25D2031700FA6664 /* PBXTargetDependency */,
			);
			name = parstagramTests;
			productName = parstagramTests;
			productReference = 8CD3AD1D25D2031700FA6664 /* parstagramTests.xctest */;
			productType = "com.apple.product-type.bundle.unit-test";
		};
		8CD3AD2725D2031700FA6664 /* parstagramUITests */ = {
			isa = PBXNativeTarget;
			buildConfigurationList = 8CD3AD3725D2031700FA6664 /* Build configuration list for PBXNativeTarget "parstagramUITests" */;
			buildPhases = (
				84A16F51135C643C5ADAABD7 /* [CP] Check Pods Manifest.lock */,
				8CD3AD2425D2031700FA6664 /* Sources */,
				8CD3AD2525D2031700FA6664 /* Frameworks */,
				8CD3AD2625D2031700FA6664 /* Resources */,
				4E8E0F58E3E7C87D68711FA7 /* [CP] Embed Pods Frameworks */,
			);
			buildRules = (
			);
			dependencies = (
				8CD3AD2A25D2031700FA6664 /* PBXTargetDependency */,
			);
			name = parstagramUITests;
			productName = parstagramUITests;
			productReference = 8CD3AD2825D2031700FA6664 /* parstagramUITests.xctest */;
			productType = "com.apple.product-type.bundle.ui-testing";
		};
/* End PBXNativeTarget section */

/* Begin PBXProject section */
		8CD3ACFF25D2031500FA6664 /* Project object */ = {
			isa = PBXProject;
			attributes = {
				LastSwiftUpdateCheck = 1240;
				LastUpgradeCheck = 1240;
				TargetAttributes = {
					8CD3AD0625D2031500FA6664 = {
						CreatedOnToolsVersion = 12.4;
					};
					8CD3AD1C25D2031700FA6664 = {
						CreatedOnToolsVersion = 12.4;
						TestTargetID = 8CD3AD0625D2031500FA6664;
					};
					8CD3AD2725D2031700FA6664 = {
						CreatedOnToolsVersion = 12.4;
						TestTargetID = 8CD3AD0625D2031500FA6664;
					};
				};
			};
			buildConfigurationList = 8CD3AD0225D2031500FA6664 /* Build configuration list for PBXProject "parstagram" */;
			compatibilityVersion = "Xcode 9.3";
			developmentRegion = en;
			hasScannedForEncodings = 0;
			knownRegions = (
				en,
				Base,
			);
			mainGroup = 8CD3ACFE25D2031500FA6664;
			productRefGroup = 8CD3AD0825D2031500FA6664 /* Products */;
			projectDirPath = "";
			projectRoot = "";
			targets = (
				8CD3AD0625D2031500FA6664 /* parstagram */,
				8CD3AD1C25D2031700FA6664 /* parstagramTests */,
				8CD3AD2725D2031700FA6664 /* parstagramUITests */,
			);
		};
/* End PBXProject section */

/* Begin PBXResourcesBuildPhase section */
		8CD3AD0525D2031500FA6664 /* Resources */ = {
			isa = PBXResourcesBuildPhase;
			buildActionMask = 2147483647;
			files = (
				8CD3AD1725D2031700FA6664 /* LaunchScreen.storyboard in Resources */,
				8CD3AD1425D2031700FA6664 /* Assets.xcassets in Resources */,
				8CD3AD1225D2031500FA6664 /* Main.storyboard in Resources */,
			);
			runOnlyForDeploymentPostprocessing = 0;
		};
		8CD3AD1B25D2031700FA6664 /* Resources */ = {
			isa = PBXResourcesBuildPhase;
			buildActionMask = 2147483647;
			files = (
			);
			runOnlyForDeploymentPostprocessing = 0;
		};
		8CD3AD2625D2031700FA6664 /* Resources */ = {
			isa = PBXResourcesBuildPhase;
			buildActionMask = 2147483647;
			files = (
			);
			runOnlyForDeploymentPostprocessing = 0;
		};
/* End PBXResourcesBuildPhase section */

/* Begin PBXShellScriptBuildPhase section */
		330ECA96662240D9321E6849 /* [CP] Check Pods Manifest.lock */ = {
			isa = PBXShellScriptBuildPhase;
			buildActionMask = 2147483647;
			files = (
			);
			inputFileListPaths = (
			);
			inputPaths = (
				"${PODS_PODFILE_DIR_PATH}/Podfile.lock",
				"${PODS_ROOT}/Manifest.lock",
			);
			name = "[CP] Check Pods Manifest.lock";
			outputFileListPaths = (
			);
			outputPaths = (
				"$(DERIVED_FILE_DIR)/Pods-parstagram-checkManifestLockResult.txt",
			);
			runOnlyForDeploymentPostprocessing = 0;
			shellPath = /bin/sh;
			shellScript = "diff \"${PODS_PODFILE_DIR_PATH}/Podfile.lock\" \"${PODS_ROOT}/Manifest.lock\" > /dev/null\nif [ $? != 0 ] ; then\n    # print error to STDERR\n    echo \"error: The sandbox is not in sync with the Podfile.lock. Run 'pod install' or update your CocoaPods installation.\" >&2\n    exit 1\nfi\n# This output is used by Xcode 'outputs' to avoid re-running this script phase.\necho \"SUCCESS\" > \"${SCRIPT_OUTPUT_FILE_0}\"\n";
			showEnvVarsInLog = 0;
		};
		4E8E0F58E3E7C87D68711FA7 /* [CP] Embed Pods Frameworks */ = {
			isa = PBXShellScriptBuildPhase;
			buildActionMask = 2147483647;
			files = (
			);
			inputFileListPaths = (
				"${PODS_ROOT}/Target Support Files/Pods-parstagram-parstagramUITests/Pods-parstagram-parstagramUITests-frameworks-${CONFIGURATION}-input-files.xcfilelist",
			);
			name = "[CP] Embed Pods Frameworks";
			outputFileListPaths = (
				"${PODS_ROOT}/Target Support Files/Pods-parstagram-parstagramUITests/Pods-parstagram-parstagramUITests-frameworks-${CONFIGURATION}-output-files.xcfilelist",
			);
			runOnlyForDeploymentPostprocessing = 0;
			shellPath = /bin/sh;
			shellScript = "\"${PODS_ROOT}/Target Support Files/Pods-parstagram-parstagramUITests/Pods-parstagram-parstagramUITests-frameworks.sh\"\n";
			showEnvVarsInLog = 0;
		};
		5B812400C16C629AA16BA7AD /* [CP] Check Pods Manifest.lock */ = {
			isa = PBXShellScriptBuildPhase;
			buildActionMask = 2147483647;
			files = (
			);
			inputFileListPaths = (
			);
			inputPaths = (
				"${PODS_PODFILE_DIR_PATH}/Podfile.lock",
				"${PODS_ROOT}/Manifest.lock",
			);
			name = "[CP] Check Pods Manifest.lock";
			outputFileListPaths = (
			);
			outputPaths = (
				"$(DERIVED_FILE_DIR)/Pods-parstagramTests-checkManifestLockResult.txt",
			);
			runOnlyForDeploymentPostprocessing = 0;
			shellPath = /bin/sh;
			shellScript = "diff \"${PODS_PODFILE_DIR_PATH}/Podfile.lock\" \"${PODS_ROOT}/Manifest.lock\" > /dev/null\nif [ $? != 0 ] ; then\n    # print error to STDERR\n    echo \"error: The sandbox is not in sync with the Podfile.lock. Run 'pod install' or update your CocoaPods installation.\" >&2\n    exit 1\nfi\n# This output is used by Xcode 'outputs' to avoid re-running this script phase.\necho \"SUCCESS\" > \"${SCRIPT_OUTPUT_FILE_0}\"\n";
			showEnvVarsInLog = 0;
		};
		84A16F51135C643C5ADAABD7 /* [CP] Check Pods Manifest.lock */ = {
			isa = PBXShellScriptBuildPhase;
			buildActionMask = 2147483647;
			files = (
			);
			inputFileListPaths = (
			);
			inputPaths = (
				"${PODS_PODFILE_DIR_PATH}/Podfile.lock",
				"${PODS_ROOT}/Manifest.lock",
			);
			name = "[CP] Check Pods Manifest.lock";
			outputFileListPaths = (
			);
			outputPaths = (
				"$(DERIVED_FILE_DIR)/Pods-parstagram-parstagramUITests-checkManifestLockResult.txt",
			);
			runOnlyForDeploymentPostprocessing = 0;
			shellPath = /bin/sh;
			shellScript = "diff \"${PODS_PODFILE_DIR_PATH}/Podfile.lock\" \"${PODS_ROOT}/Manifest.lock\" > /dev/null\nif [ $? != 0 ] ; then\n    # print error to STDERR\n    echo \"error: The sandbox is not in sync with the Podfile.lock. Run 'pod install' or update your CocoaPods installation.\" >&2\n    exit 1\nfi\n# This output is used by Xcode 'outputs' to avoid re-running this script phase.\necho \"SUCCESS\" > \"${SCRIPT_OUTPUT_FILE_0}\"\n";
			showEnvVarsInLog = 0;
		};
		B7D3E964B2CA79C0321FC0C5 /* [CP] Embed Pods Frameworks */ = {
			isa = PBXShellScriptBuildPhase;
			buildActionMask = 2147483647;
			files = (
			);
			inputFileListPaths = (
				"${PODS_ROOT}/Target Support Files/Pods-parstagram/Pods-parstagram-frameworks-${CONFIGURATION}-input-files.xcfilelist",
			);
			name = "[CP] Embed Pods Frameworks";
			outputFileListPaths = (
				"${PODS_ROOT}/Target Support Files/Pods-parstagram/Pods-parstagram-frameworks-${CONFIGURATION}-output-files.xcfilelist",
			);
			runOnlyForDeploymentPostprocessing = 0;
			shellPath = /bin/sh;
			shellScript = "\"${PODS_ROOT}/Target Support Files/Pods-parstagram/Pods-parstagram-frameworks.sh\"\n";
			showEnvVarsInLog = 0;
		};
/* End PBXShellScriptBuildPhase section */

/* Begin PBXSourcesBuildPhase section */
		8CD3AD0325D2031500FA6664 /* Sources */ = {
			isa = PBXSourcesBuildPhase;
			buildActionMask = 2147483647;
			files = (
				8C06549A25D2082F0097C789 /* LoginViewController.swift in Sources */,
				8C0654A725D20EE30097C789 /* CameraViewController.swift in Sources */,
				8CD3AD0B25D2031500FA6664 /* AppDelegate.swift in Sources */,
				8C06549F25D2083C0097C789 /* FeedViewController.swift in Sources */,
				8CD3AD0D25D2031500FA6664 /* SceneDelegate.swift in Sources */,
				8C441EDA25D21E0B00F8D846 /* PostCell.swift in Sources */,
				8C83E8DB25DC95BE009836B6 /* CommentCell.swift in Sources */,
			);
			runOnlyForDeploymentPostprocessing = 0;
		};
		8CD3AD1925D2031700FA6664 /* Sources */ = {
			isa = PBXSourcesBuildPhase;
			buildActionMask = 2147483647;
			files = (
				8CD3AD2225D2031700FA6664 /* parstagramTests.swift in Sources */,
			);
			runOnlyForDeploymentPostprocessing = 0;
		};
		8CD3AD2425D2031700FA6664 /* Sources */ = {
			isa = PBXSourcesBuildPhase;
			buildActionMask = 2147483647;
			files = (
				8CD3AD2D25D2031700FA6664 /* parstagramUITests.swift in Sources */,
			);
			runOnlyForDeploymentPostprocessing = 0;
		};
/* End PBXSourcesBuildPhase section */

/* Begin PBXTargetDependency section */
		8CD3AD1F25D2031700FA6664 /* PBXTargetDependency */ = {
			isa = PBXTargetDependency;
			target = 8CD3AD0625D2031500FA6664 /* parstagram */;
			targetProxy = 8CD3AD1E25D2031700FA6664 /* PBXContainerItemProxy */;
		};
		8CD3AD2A25D2031700FA6664 /* PBXTargetDependency */ = {
			isa = PBXTargetDependency;
			target = 8CD3AD0625D2031500FA6664 /* parstagram */;
			targetProxy = 8CD3AD2925D2031700FA6664 /* PBXContainerItemProxy */;
		};
/* End PBXTargetDependency section */

/* Begin PBXVariantGroup section */
		8CD3AD1025D2031500FA6664 /* Main.storyboard */ = {
			isa = PBXVariantGroup;
			children = (
				8CD3AD1125D2031500FA6664 /* Base */,
			);
			name = Main.storyboard;
			sourceTree = "<group>";
		};
		8CD3AD1525D2031700FA6664 /* LaunchScreen.storyboard */ = {
			isa = PBXVariantGroup;
			children = (
				8CD3AD1625D2031700FA6664 /* Base */,
			);
			name = LaunchScreen.storyboard;
			sourceTree = "<group>";
		};
/* End PBXVariantGroup section */

/* Begin XCBuildConfiguration section */
		8CD3AD2F25D2031700FA6664 /* Debug */ = {
			isa = XCBuildConfiguration;
			buildSettings = {
				ALWAYS_SEARCH_USER_PATHS = NO;
				CLANG_ANALYZER_NONNULL = YES;
				CLANG_ANALYZER_NUMBER_OBJECT_CONVERSION = YES_AGGRESSIVE;
				CLANG_CXX_LANGUAGE_STANDARD = "gnu++14";
				CLANG_CXX_LIBRARY = "libc++";
				CLANG_ENABLE_MODULES = YES;
				CLANG_ENABLE_OBJC_ARC = YES;
				CLANG_ENABLE_OBJC_WEAK = YES;
				CLANG_WARN_BLOCK_CAPTURE_AUTORELEASING = YES;
				CLANG_WARN_BOOL_CONVERSION = YES;
				CLANG_WARN_COMMA = YES;
				CLANG_WARN_CONSTANT_CONVERSION = YES;
				CLANG_WARN_DEPRECATED_OBJC_IMPLEMENTATIONS = YES;
				CLANG_WARN_DIRECT_OBJC_ISA_USAGE = YES_ERROR;
				CLANG_WARN_DOCUMENTATION_COMMENTS = YES;
				CLANG_WARN_EMPTY_BODY = YES;
				CLANG_WARN_ENUM_CONVERSION = YES;
				CLANG_WARN_INFINITE_RECURSION = YES;
				CLANG_WARN_INT_CONVERSION = YES;
				CLANG_WARN_NON_LITERAL_NULL_CONVERSION = YES;
				CLANG_WARN_OBJC_IMPLICIT_RETAIN_SELF = YES;
				CLANG_WARN_OBJC_LITERAL_CONVERSION = YES;
				CLANG_WARN_OBJC_ROOT_CLASS = YES_ERROR;
				CLANG_WARN_QUOTED_INCLUDE_IN_FRAMEWORK_HEADER = YES;
				CLANG_WARN_RANGE_LOOP_ANALYSIS = YES;
				CLANG_WARN_STRICT_PROTOTYPES = YES;
				CLANG_WARN_SUSPICIOUS_MOVE = YES;
				CLANG_WARN_UNGUARDED_AVAILABILITY = YES_AGGRESSIVE;
				CLANG_WARN_UNREACHABLE_CODE = YES;
				CLANG_WARN__DUPLICATE_METHOD_MATCH = YES;
				COPY_PHASE_STRIP = NO;
				DEBUG_INFORMATION_FORMAT = dwarf;
				ENABLE_STRICT_OBJC_MSGSEND = YES;
				ENABLE_TESTABILITY = YES;
				GCC_C_LANGUAGE_STANDARD = gnu11;
				GCC_DYNAMIC_NO_PIC = NO;
				GCC_NO_COMMON_BLOCKS = YES;
				GCC_OPTIMIZATION_LEVEL = 0;
				GCC_PREPROCESSOR_DEFINITIONS = (
					"DEBUG=1",
					"$(inherited)",
				);
				GCC_WARN_64_TO_32_BIT_CONVERSION = YES;
				GCC_WARN_ABOUT_RETURN_TYPE = YES_ERROR;
				GCC_WARN_UNDECLARED_SELECTOR = YES;
				GCC_WARN_UNINITIALIZED_AUTOS = YES_AGGRESSIVE;
				GCC_WARN_UNUSED_FUNCTION = YES;
				GCC_WARN_UNUSED_VARIABLE = YES;
				IPHONEOS_DEPLOYMENT_TARGET = 14.4;
				MTL_ENABLE_DEBUG_INFO = INCLUDE_SOURCE;
				MTL_FAST_MATH = YES;
				ONLY_ACTIVE_ARCH = YES;
				SDKROOT = iphoneos;
				SWIFT_ACTIVE_COMPILATION_CONDITIONS = DEBUG;
				SWIFT_OPTIMIZATION_LEVEL = "-Onone";
			};
			name = Debug;
		};
		8CD3AD3025D2031700FA6664 /* Release */ = {
			isa = XCBuildConfiguration;
			buildSettings = {
				ALWAYS_SEARCH_USER_PATHS = NO;
				CLANG_ANALYZER_NONNULL = YES;
				CLANG_ANALYZER_NUMBER_OBJECT_CONVERSION = YES_AGGRESSIVE;
				CLANG_CXX_LANGUAGE_STANDARD = "gnu++14";
				CLANG_CXX_LIBRARY = "libc++";
				CLANG_ENABLE_MODULES = YES;
				CLANG_ENABLE_OBJC_ARC = YES;
				CLANG_ENABLE_OBJC_WEAK = YES;
				CLANG_WARN_BLOCK_CAPTURE_AUTORELEASING = YES;
				CLANG_WARN_BOOL_CONVERSION = YES;
				CLANG_WARN_COMMA = YES;
				CLANG_WARN_CONSTANT_CONVERSION = YES;
				CLANG_WARN_DEPRECATED_OBJC_IMPLEMENTATIONS = YES;
				CLANG_WARN_DIRECT_OBJC_ISA_USAGE = YES_ERROR;
				CLANG_WARN_DOCUMENTATION_COMMENTS = YES;
				CLANG_WARN_EMPTY_BODY = YES;
				CLANG_WARN_ENUM_CONVERSION = YES;
				CLANG_WARN_INFINITE_RECURSION = YES;
				CLANG_WARN_INT_CONVERSION = YES;
				CLANG_WARN_NON_LITERAL_NULL_CONVERSION = YES;
				CLANG_WARN_OBJC_IMPLICIT_RETAIN_SELF = YES;
				CLANG_WARN_OBJC_LITERAL_CONVERSION = YES;
				CLANG_WARN_OBJC_ROOT_CLASS = YES_ERROR;
				CLANG_WARN_QUOTED_INCLUDE_IN_FRAMEWORK_HEADER = YES;
				CLANG_WARN_RANGE_LOOP_ANALYSIS = YES;
				CLANG_WARN_STRICT_PROTOTYPES = YES;
				CLANG_WARN_SUSPICIOUS_MOVE = YES;
				CLANG_WARN_UNGUARDED_AVAILABILITY = YES_AGGRESSIVE;
				CLANG_WARN_UNREACHABLE_CODE = YES;
				CLANG_WARN__DUPLICATE_METHOD_MATCH = YES;
				COPY_PHASE_STRIP = NO;
				DEBUG_INFORMATION_FORMAT = "dwarf-with-dsym";
				ENABLE_NS_ASSERTIONS = NO;
				ENABLE_STRICT_OBJC_MSGSEND = YES;
				GCC_C_LANGUAGE_STANDARD = gnu11;
				GCC_NO_COMMON_BLOCKS = YES;
				GCC_WARN_64_TO_32_BIT_CONVERSION = YES;
				GCC_WARN_ABOUT_RETURN_TYPE = YES_ERROR;
				GCC_WARN_UNDECLARED_SELECTOR = YES;
				GCC_WARN_UNINITIALIZED_AUTOS = YES_AGGRESSIVE;
				GCC_WARN_UNUSED_FUNCTION = YES;
				GCC_WARN_UNUSED_VARIABLE = YES;
				IPHONEOS_DEPLOYMENT_TARGET = 14.4;
				MTL_ENABLE_DEBUG_INFO = NO;
				MTL_FAST_MATH = YES;
				SDKROOT = iphoneos;
				SWIFT_COMPILATION_MODE = wholemodule;
				SWIFT_OPTIMIZATION_LEVEL = "-O";
				VALIDATE_PRODUCT = YES;
			};
			name = Release;
		};
		8CD3AD3225D2031700FA6664 /* Debug */ = {
			isa = XCBuildConfiguration;
			baseConfigurationReference = C32E250591E3CF7E0CD7F5C8 /* Pods-parstagram.debug.xcconfig */;
			buildSettings = {
				ASSETCATALOG_COMPILER_APPICON_NAME = AppIcon;
				ASSETCATALOG_COMPILER_GLOBAL_ACCENT_COLOR_NAME = AccentColor;
				CODE_SIGN_STYLE = Automatic;
				DEVELOPMENT_TEAM = 835835HRZ6;
				INFOPLIST_FILE = parstagram/Info.plist;
				LD_RUNPATH_SEARCH_PATHS = (
					"$(inherited)",
					"@executable_path/Frameworks",
				);
				PRODUCT_BUNDLE_IDENTIFIER = Sefu9090.parstagram;
				PRODUCT_NAME = "$(TARGET_NAME)";
				SWIFT_VERSION = 5.0;
				TARGETED_DEVICE_FAMILY = "1,2";
			};
			name = Debug;
		};
		8CD3AD3325D2031700FA6664 /* Release */ = {
			isa = XCBuildConfiguration;
			baseConfigurationReference = F8B2E8A4A67082279E1B1DE0 /* Pods-parstagram.release.xcconfig */;
			buildSettings = {
				ASSETCATALOG_COMPILER_APPICON_NAME = AppIcon;
				ASSETCATALOG_COMPILER_GLOBAL_ACCENT_COLOR_NAME = AccentColor;
				CODE_SIGN_STYLE = Automatic;
				DEVELOPMENT_TEAM = 835835HRZ6;
				INFOPLIST_FILE = parstagram/Info.plist;
				LD_RUNPATH_SEARCH_PATHS = (
					"$(inherited)",
					"@executable_path/Frameworks",
				);
				PRODUCT_BUNDLE_IDENTIFIER = Sefu9090.parstagram;
				PRODUCT_NAME = "$(TARGET_NAME)";
				SWIFT_VERSION = 5.0;
				TARGETED_DEVICE_FAMILY = "1,2";
			};
			name = Release;
		};
		8CD3AD3525D2031700FA6664 /* Debug */ = {
			isa = XCBuildConfiguration;
			baseConfigurationReference = 14B35B273F1D8D8F6BF6F574 /* Pods-parstagramTests.debug.xcconfig */;
			buildSettings = {
				ALWAYS_EMBED_SWIFT_STANDARD_LIBRARIES = YES;
				BUNDLE_LOADER = "$(TEST_HOST)";
				CODE_SIGN_STYLE = Automatic;
				DEVELOPMENT_TEAM = 835835HRZ6;
				INFOPLIST_FILE = parstagramTests/Info.plist;
				IPHONEOS_DEPLOYMENT_TARGET = 14.4;
				LD_RUNPATH_SEARCH_PATHS = (
					"$(inherited)",
					"@executable_path/Frameworks",
					"@loader_path/Frameworks",
				);
				PRODUCT_BUNDLE_IDENTIFIER = Sefu9090.parstagramTests;
				PRODUCT_NAME = "$(TARGET_NAME)";
				SWIFT_VERSION = 5.0;
				TARGETED_DEVICE_FAMILY = "1,2";
				TEST_HOST = "$(BUILT_PRODUCTS_DIR)/parstagram.app/parstagram";
			};
			name = Debug;
		};
		8CD3AD3625D2031700FA6664 /* Release */ = {
			isa = XCBuildConfiguration;
			baseConfigurationReference = 9F5B9D815E4CBD2583D40899 /* Pods-parstagramTests.release.xcconfig */;
			buildSettings = {
				ALWAYS_EMBED_SWIFT_STANDARD_LIBRARIES = YES;
				BUNDLE_LOADER = "$(TEST_HOST)";
				CODE_SIGN_STYLE = Automatic;
				DEVELOPMENT_TEAM = 835835HRZ6;
				INFOPLIST_FILE = parstagramTests/Info.plist;
				IPHONEOS_DEPLOYMENT_TARGET = 14.4;
				LD_RUNPATH_SEARCH_PATHS = (
					"$(inherited)",
					"@executable_path/Frameworks",
					"@loader_path/Frameworks",
				);
				PRODUCT_BUNDLE_IDENTIFIER = Sefu9090.parstagramTests;
				PRODUCT_NAME = "$(TARGET_NAME)";
				SWIFT_VERSION = 5.0;
				TARGETED_DEVICE_FAMILY = "1,2";
				TEST_HOST = "$(BUILT_PRODUCTS_DIR)/parstagram.app/parstagram";
			};
			name = Release;
		};
		8CD3AD3825D2031700FA6664 /* Debug */ = {
			isa = XCBuildConfiguration;
			baseConfigurationReference = 1EFD2212604C14CB95B06FDA /* Pods-parstagram-parstagramUITests.debug.xcconfig */;
			buildSettings = {
				ALWAYS_EMBED_SWIFT_STANDARD_LIBRARIES = YES;
				CODE_SIGN_STYLE = Automatic;
				DEVELOPMENT_TEAM = 835835HRZ6;
				INFOPLIST_FILE = parstagramUITests/Info.plist;
				LD_RUNPATH_SEARCH_PATHS = (
					"$(inherited)",
					"@executable_path/Frameworks",
					"@loader_path/Frameworks",
				);
				PRODUCT_BUNDLE_IDENTIFIER = Sefu9090.parstagramUITests;
				PRODUCT_NAME = "$(TARGET_NAME)";
				SWIFT_VERSION = 5.0;
				TARGETED_DEVICE_FAMILY = "1,2";
				TEST_TARGET_NAME = parstagram;
			};
			name = Debug;
		};
		8CD3AD3925D2031700FA6664 /* Release */ = {
			isa = XCBuildConfiguration;
			baseConfigurationReference = DAE840AEB72CAF053F44909E /* Pods-parstagram-parstagramUITests.release.xcconfig */;
			buildSettings = {
				ALWAYS_EMBED_SWIFT_STANDARD_LIBRARIES = YES;
				CODE_SIGN_STYLE = Automatic;
				DEVELOPMENT_TEAM = 835835HRZ6;
				INFOPLIST_FILE = parstagramUITests/Info.plist;
				LD_RUNPATH_SEARCH_PATHS = (
					"$(inherited)",
					"@executable_path/Frameworks",
					"@loader_path/Frameworks",
				);
				PRODUCT_BUNDLE_IDENTIFIER = Sefu9090.parstagramUITests;
				PRODUCT_NAME = "$(TARGET_NAME)";
				SWIFT_VERSION = 5.0;
				TARGETED_DEVICE_FAMILY = "1,2";
				TEST_TARGET_NAME = parstagram;
			};
			name = Release;
		};
/* End XCBuildConfiguration section */

/* Begin XCConfigurationList section */
		8CD3AD0225D2031500FA6664 /* Build configuration list for PBXProject "parstagram" */ = {
			isa = XCConfigurationList;
			buildConfigurations = (
				8CD3AD2F25D2031700FA6664 /* Debug */,
				8CD3AD3025D2031700FA6664 /* Release */,
			);
			defaultConfigurationIsVisible = 0;
			defaultConfigurationName = Release;
		};
		8CD3AD3125D2031700FA6664 /* Build configuration list for PBXNativeTarget "parstagram" */ = {
			isa = XCConfigurationList;
			buildConfigurations = (
				8CD3AD3225D2031700FA6664 /* Debug */,
				8CD3AD3325D2031700FA6664 /* Release */,
			);
			defaultConfigurationIsVisible = 0;
			defaultConfigurationName = Release;
		};
		8CD3AD3425D2031700FA6664 /* Build configuration list for PBXNativeTarget "parstagramTests" */ = {
			isa = XCConfigurationList;
			buildConfigurations = (
				8CD3AD3525D2031700FA6664 /* Debug */,
				8CD3AD3625D2031700FA6664 /* Release */,
			);
			defaultConfigurationIsVisible = 0;
			defaultConfigurationName = Release;
		};
		8CD3AD3725D2031700FA6664 /* Build configuration list for PBXNativeTarget "parstagramUITests" */ = {
			isa = XCConfigurationList;
			buildConfigurations = (
				8CD3AD3825D2031700FA6664 /* Debug */,
				8CD3AD3925D2031700FA6664 /* Release */,
			);
			defaultConfigurationIsVisible = 0;
			defaultConfigurationName = Release;
		};
/* End XCConfigurationList section */
	};
	rootObject = 8CD3ACFF25D2031500FA6664 /* Project object */;
}
